{
  "version": 4,
  "terraform_version": "0.13.0",
  "serial": 11,
  "lineage": "b9d990f5-e143-b49c-6e67-45d6082ec56e",
  "outputs": {},
  "resources": [
    {
      "mode": "data",
      "type": "template_file",
      "name": "user_data",
      "provider": "provider[\"registry.terraform.io/hashicorp/template\"]",
      "instances": [
        {
          "schema_version": 0,
          "attributes": {
            "filename": null,
            "id": "948f4e0b6c16041d5463a7305ab6ae0faaa42bab147837a007a798332f35a5f8",
            "rendered": "#!/bin/bash\napt-get update -y\napt-get install python-minimal -y\napt-get install ntp -y\napt-get install ntpstat -y\nntpq -pcrv\n",
            "template": "#!/bin/bash\napt-get update -y\napt-get install python-minimal -y\napt-get install ntp -y\napt-get install ntpstat -y\nntpq -pcrv\n",
            "vars": null
          }
        }
      ]
    },
    {
      "mode": "managed",
      "type": "aws_instance",
      "name": "clnt_nsb",
      "provider": "provider[\"registry.terraform.io/hashicorp/aws\"]",
      "instances": [
        {
          "index_key": 0,
          "schema_version": 1,
          "attributes": {
            "ami": "ami-0bcc094591f354be2",
            "arn": "arn:aws:ec2:us-east-1:357576205424:instance/i-0bd58d7ceaa68dc42",
            "associate_public_ip_address": true,
            "availability_zone": "us-east-1f",
            "cpu_core_count": 4,
            "cpu_threads_per_core": 2,
            "credit_specification": [],
            "disable_api_termination": false,
            "ebs_block_device": [],
            "ebs_optimized": false,
            "ephemeral_block_device": [],
            "get_password_data": false,
            "hibernation": false,
            "host_id": null,
            "iam_instance_profile": "",
            "id": "i-0bd58d7ceaa68dc42",
            "instance_initiated_shutdown_behavior": null,
            "instance_state": "running",
            "instance_type": "m5a.2xlarge",
            "ipv6_address_count": 0,
            "ipv6_addresses": [],
            "key_name": "dse-sshkey-mc-demo",
            "metadata_options": [
              {
                "http_endpoint": "enabled",
                "http_put_response_hop_limit": 1,
                "http_tokens": "optional"
              }
            ],
            "monitoring": false,
            "network_interface": [],
            "outpost_arn": "",
            "password_data": "",
            "placement_group": "",
            "primary_network_interface_id": "eni-02f8db19585efab5c",
            "private_dns": "ip-172-31-83-117.ec2.internal",
            "private_ip": "172.31.83.117",
            "public_dns": "ec2-3-236-58-22.compute-1.amazonaws.com",
            "public_ip": "3.236.58.22",
            "root_block_device": [
              {
                "delete_on_termination": true,
                "device_name": "/dev/sda1",
                "encrypted": false,
                "iops": 100,
                "kms_key_id": "",
                "volume_id": "vol-031c33299df824a86",
                "volume_size": 8,
                "volume_type": "gp2"
              }
            ],
            "secondary_private_ips": [],
            "security_groups": [
              "sg_dse_node",
              "sg_mc_demo_group",
              "sg_ssh"
            ],
            "source_dest_check": true,
            "subnet_id": "subnet-8336858f",
            "tags": {
              "Environment": "mc-demo",
              "Name": "mc_demo-nosqlbench_0",
              "Owner": "yabin.meng@datastax.com",
              "PrincipalId": "AIDAVGQJT4RYIX4EB74R5"
            },
            "tenancy": "default",
            "timeouts": null,
            "user_data": "a53ae1530944d310b448c7d515e9f9870ee75735",
            "user_data_base64": null,
            "volume_tags": {
              "Owner": "yabin.meng@datastax.com",
              "PrincipalId": "AIDAVGQJT4RYIX4EB74R5"
            },
            "vpc_security_group_ids": [
              "sg-05409b883a7b857e1",
              "sg-07390e2341029f616",
              "sg-0c093e027c9ec16d9"
            ]
          },
          "private": "eyJlMmJmYjczMC1lY2FhLTExZTYtOGY4OC0zNDM2M2JjN2M0YzAiOnsiY3JlYXRlIjo2MDAwMDAwMDAwMDAsImRlbGV0ZSI6MTIwMDAwMDAwMDAwMCwidXBkYXRlIjo2MDAwMDAwMDAwMDB9LCJzY2hlbWFfdmVyc2lvbiI6IjEifQ==",
          "dependencies": [
            "aws_key_pair.dse_terra_ssh",
            "aws_security_group.sg_dse_node",
            "aws_security_group.sg_mc_demo_group",
            "aws_security_group.sg_ssh",
            "data.template_file.user_data"
          ]
        }
      ]
    },
    {
      "mode": "managed",
      "type": "aws_instance",
      "name": "clnt_opsc",
      "provider": "provider[\"registry.terraform.io/hashicorp/aws\"]",
      "instances": [
        {
          "index_key": 0,
          "schema_version": 1,
          "attributes": {
            "ami": "ami-0bcc094591f354be2",
            "arn": "arn:aws:ec2:us-east-1:357576205424:instance/i-08fd13fd166da4e1e",
            "associate_public_ip_address": true,
            "availability_zone": "us-east-1f",
            "cpu_core_count": 4,
            "cpu_threads_per_core": 2,
            "credit_specification": [],
            "disable_api_termination": false,
            "ebs_block_device": [],
            "ebs_optimized": false,
            "ephemeral_block_device": [],
            "get_password_data": false,
            "hibernation": false,
            "host_id": null,
            "iam_instance_profile": "",
            "id": "i-08fd13fd166da4e1e",
            "instance_initiated_shutdown_behavior": null,
            "instance_state": "running",
            "instance_type": "m5a.2xlarge",
            "ipv6_address_count": 0,
            "ipv6_addresses": [],
            "key_name": "dse-sshkey-mc-demo",
            "metadata_options": [
              {
                "http_endpoint": "enabled",
                "http_put_response_hop_limit": 1,
                "http_tokens": "optional"
              }
            ],
            "monitoring": false,
            "network_interface": [],
            "outpost_arn": "",
            "password_data": "",
            "placement_group": "",
            "primary_network_interface_id": "eni-0c9017200947d891d",
            "private_dns": "ip-172-31-95-135.ec2.internal",
            "private_ip": "172.31.95.135",
            "public_dns": "ec2-18-207-249-81.compute-1.amazonaws.com",
            "public_ip": "18.207.249.81",
            "root_block_device": [
              {
                "delete_on_termination": true,
                "device_name": "/dev/sda1",
                "encrypted": false,
                "iops": 100,
                "kms_key_id": "",
                "volume_id": "vol-0f42890bba13386e4",
                "volume_size": 8,
                "volume_type": "gp2"
              }
            ],
            "secondary_private_ips": [],
            "security_groups": [
              "sg_dse_node",
              "sg_mc_demo_group",
              "sg_opsc_node",
              "sg_opsc_web",
              "sg_ssh"
            ],
            "source_dest_check": true,
            "subnet_id": "subnet-8336858f",
            "tags": {
              "Environment": "mc-demo",
              "Name": "mc_demo-opsc_srv_0"
            },
            "tenancy": "default",
            "timeouts": null,
            "user_data": "a53ae1530944d310b448c7d515e9f9870ee75735",
            "user_data_base64": null,
            "volume_tags": {
              "Owner": "yabin.meng@datastax.com",
              "PrincipalId": "AIDAVGQJT4RYIX4EB74R5"
            },
            "vpc_security_group_ids": [
              "sg-00412d15723d7621a",
              "sg-05409b883a7b857e1",
              "sg-07390e2341029f616",
              "sg-09e66d31c871264d2",
              "sg-0c093e027c9ec16d9"
            ]
          },
          "private": "eyJlMmJmYjczMC1lY2FhLTExZTYtOGY4OC0zNDM2M2JjN2M0YzAiOnsiY3JlYXRlIjo2MDAwMDAwMDAwMDAsImRlbGV0ZSI6MTIwMDAwMDAwMDAwMCwidXBkYXRlIjo2MDAwMDAwMDAwMDB9LCJzY2hlbWFfdmVyc2lvbiI6IjEifQ==",
          "dependencies": [
            "aws_key_pair.dse_terra_ssh",
            "aws_security_group.sg_dse_node",
            "aws_security_group.sg_mc_demo_group",
            "aws_security_group.sg_opsc_node",
            "aws_security_group.sg_opsc_web",
            "aws_security_group.sg_ssh",
            "data.template_file.user_data"
          ]
        }
      ]
    },
    {
      "mode": "managed",
      "type": "aws_instance",
      "name": "dse_core",
      "provider": "provider[\"registry.terraform.io/hashicorp/aws\"]",
      "instances": [
        {
          "index_key": 0,
          "schema_version": 1,
          "attributes": {
            "ami": "ami-0bcc094591f354be2",
            "arn": "arn:aws:ec2:us-east-1:357576205424:instance/i-070ecd2b10f657f00",
            "associate_public_ip_address": true,
            "availability_zone": "us-east-1f",
            "cpu_core_count": 8,
            "cpu_threads_per_core": 2,
            "credit_specification": [],
            "disable_api_termination": false,
            "ebs_block_device": [],
            "ebs_optimized": false,
            "ephemeral_block_device": [],
            "get_password_data": false,
            "hibernation": false,
            "host_id": null,
            "iam_instance_profile": "",
            "id": "i-070ecd2b10f657f00",
            "instance_initiated_shutdown_behavior": null,
            "instance_state": "running",
            "instance_type": "i3.4xlarge",
            "ipv6_address_count": 0,
            "ipv6_addresses": [],
            "key_name": "dse-sshkey-mc-demo",
            "metadata_options": [
              {
                "http_endpoint": "enabled",
                "http_put_response_hop_limit": 1,
                "http_tokens": "optional"
              }
            ],
            "monitoring": false,
            "network_interface": [],
            "outpost_arn": "",
            "password_data": "",
            "placement_group": "",
            "primary_network_interface_id": "eni-0d485803c72a2456d",
            "private_dns": "ip-172-31-94-152.ec2.internal",
            "private_ip": "172.31.94.152",
            "public_dns": "ec2-18-205-104-52.compute-1.amazonaws.com",
            "public_ip": "18.205.104.52",
            "root_block_device": [
              {
                "delete_on_termination": true,
                "device_name": "/dev/sda1",
                "encrypted": false,
                "iops": 100,
                "kms_key_id": "",
                "volume_id": "vol-00bdf0ccaf94d72df",
                "volume_size": 8,
                "volume_type": "gp2"
              }
            ],
            "secondary_private_ips": [],
            "security_groups": [
              "sg_dse_node",
              "sg_mc_demo_group",
              "sg_ssh"
            ],
            "source_dest_check": true,
            "subnet_id": "subnet-8336858f",
            "tags": {
              "Environment": "mc-demo",
              "Name": "mc_demo-dse_core_0",
              "Owner": "yabin.meng@datastax.com",
              "PrincipalId": "AIDAVGQJT4RYIX4EB74R5"
            },
            "tenancy": "default",
            "timeouts": null,
            "user_data": "a53ae1530944d310b448c7d515e9f9870ee75735",
            "user_data_base64": null,
            "volume_tags": {
              "Owner": "yabin.meng@datastax.com",
              "PrincipalId": "AIDAVGQJT4RYIX4EB74R5"
            },
            "vpc_security_group_ids": [
              "sg-05409b883a7b857e1",
              "sg-07390e2341029f616",
              "sg-0c093e027c9ec16d9"
            ]
          },
          "private": "eyJlMmJmYjczMC1lY2FhLTExZTYtOGY4OC0zNDM2M2JjN2M0YzAiOnsiY3JlYXRlIjo2MDAwMDAwMDAwMDAsImRlbGV0ZSI6MTIwMDAwMDAwMDAwMCwidXBkYXRlIjo2MDAwMDAwMDAwMDB9LCJzY2hlbWFfdmVyc2lvbiI6IjEifQ==",
          "dependencies": [
            "aws_key_pair.dse_terra_ssh",
            "aws_security_group.sg_dse_node",
            "aws_security_group.sg_mc_demo_group",
            "aws_security_group.sg_ssh",
            "data.template_file.user_data"
          ]
        },
        {
          "index_key": 1,
          "schema_version": 1,
          "attributes": {
            "ami": "ami-0bcc094591f354be2",
            "arn": "arn:aws:ec2:us-east-1:357576205424:instance/i-0ff710eab68599370",
            "associate_public_ip_address": true,
            "availability_zone": "us-east-1f",
            "cpu_core_count": 8,
            "cpu_threads_per_core": 2,
            "credit_specification": [],
            "disable_api_termination": false,
            "ebs_block_device": [],
            "ebs_optimized": false,
            "ephemeral_block_device": [],
            "get_password_data": false,
            "hibernation": false,
            "host_id": null,
            "iam_instance_profile": "",
            "id": "i-0ff710eab68599370",
            "instance_initiated_shutdown_behavior": null,
            "instance_state": "running",
            "instance_type": "i3.4xlarge",
            "ipv6_address_count": 0,
            "ipv6_addresses": [],
            "key_name": "dse-sshkey-mc-demo",
            "metadata_options": [
              {
                "http_endpoint": "enabled",
                "http_put_response_hop_limit": 1,
                "http_tokens": "optional"
              }
            ],
            "monitoring": false,
            "network_interface": [],
            "outpost_arn": "",
            "password_data": "",
            "placement_group": "",
            "primary_network_interface_id": "eni-0cf7576c4b918b19a",
            "private_dns": "ip-172-31-88-121.ec2.internal",
            "private_ip": "172.31.88.121",
            "public_dns": "ec2-3-236-207-143.compute-1.amazonaws.com",
            "public_ip": "3.236.207.143",
            "root_block_device": [
              {
                "delete_on_termination": true,
                "device_name": "/dev/sda1",
                "encrypted": false,
                "iops": 100,
                "kms_key_id": "",
                "volume_id": "vol-0c6447c761d20f961",
                "volume_size": 8,
                "volume_type": "gp2"
              }
            ],
            "secondary_private_ips": [],
            "security_groups": [
              "sg_dse_node",
              "sg_mc_demo_group",
              "sg_ssh"
            ],
            "source_dest_check": true,
            "subnet_id": "subnet-8336858f",
            "tags": {
              "Environment": "mc-demo",
              "Name": "mc_demo-dse_core_1",
              "Owner": "yabin.meng@datastax.com",
              "PrincipalId": "AIDAVGQJT4RYIX4EB74R5"
            },
            "tenancy": "default",
            "timeouts": null,
            "user_data": "a53ae1530944d310b448c7d515e9f9870ee75735",
            "user_data_base64": null,
            "volume_tags": {
              "Owner": "yabin.meng@datastax.com",
              "PrincipalId": "AIDAVGQJT4RYIX4EB74R5"
            },
            "vpc_security_group_ids": [
              "sg-05409b883a7b857e1",
              "sg-07390e2341029f616",
              "sg-0c093e027c9ec16d9"
            ]
          },
          "private": "eyJlMmJmYjczMC1lY2FhLTExZTYtOGY4OC0zNDM2M2JjN2M0YzAiOnsiY3JlYXRlIjo2MDAwMDAwMDAwMDAsImRlbGV0ZSI6MTIwMDAwMDAwMDAwMCwidXBkYXRlIjo2MDAwMDAwMDAwMDB9LCJzY2hlbWFfdmVyc2lvbiI6IjEifQ==",
          "dependencies": [
            "aws_key_pair.dse_terra_ssh",
            "aws_security_group.sg_dse_node",
            "aws_security_group.sg_mc_demo_group",
            "aws_security_group.sg_ssh",
            "data.template_file.user_data"
          ]
        }
      ]
    },
    {
      "mode": "managed",
      "type": "aws_key_pair",
      "name": "dse_terra_ssh",
      "provider": "provider[\"registry.terraform.io/hashicorp/aws\"]",
      "instances": [
        {
          "schema_version": 1,
          "attributes": {
            "arn": "arn:aws:ec2:us-east-1:357576205424:key-pair/dse-sshkey-mc-demo",
            "fingerprint": "c9:20:43:11:13:24:49:1b:f6:a8:55:8e:5f:3b:96:49",
            "id": "dse-sshkey-mc-demo",
            "key_name": "dse-sshkey-mc-demo",
            "key_name_prefix": null,
            "key_pair_id": "key-09721a74d6ae5ed0e",
            "public_key": "ssh-rsa AAAAB3NzaC1yc2EAAAADAQABAAABAQCvbQIBFP+p+gIdq5tFqrW08nkekM9+ZxB8jppUhi0lpqJpOvp3nYDbUxQ6NzWaiuxVJNMi2oZZFeMBUbyqNc/fHG9ih7TwEkUYSIJtyST62300JzcnAdd0pmbryxQp5HA1BzcHzpsvfbM+A1SPqQoxjB3TLprGYyAillwqbqMuZP8trAbRIWF0I84S/YTjslgbZNXzOfvFbh9L9DZOQi+72UYFOf0OHDO5JAf6maHiXKzdFjkTDhDYVh6wkCOhAbtudXA9tr1W8bVYVDlFQAP+5vWp1QAcutr3zvS4MFlt6e1WvGuKD9++D3QJUE0Pbdqug0V4+cRsqMzLOGDtjN4z yabinmeng@Yabins-MacBook-Pro",
            "tags": null
          },
          "private": "eyJzY2hlbWFfdmVyc2lvbiI6IjEifQ=="
        }
      ]
    },
    {
      "mode": "managed",
      "type": "aws_security_group",
      "name": "sg_dse_node",
      "provider": "provider[\"registry.terraform.io/hashicorp/aws\"]",
      "instances": [
        {
          "schema_version": 1,
          "attributes": {
            "arn": "arn:aws:ec2:us-east-1:357576205424:security-group/sg-07390e2341029f616",
            "description": "Managed by Terraform",
            "egress": [
              {
                "cidr_blocks": [],
                "description": "",
                "from_port": 0,
                "ipv6_cidr_blocks": [],
                "prefix_list_ids": [],
                "protocol": "-1",
                "security_groups": [
                  "sg-05409b883a7b857e1"
                ],
                "self": false,
                "to_port": 0
              }
            ],
            "id": "sg-07390e2341029f616",
            "ingress": [
              {
                "cidr_blocks": [],
                "description": "",
                "from_port": 61621,
                "ipv6_cidr_blocks": [],
                "prefix_list_ids": [],
                "protocol": "tcp",
                "security_groups": [
                  "sg-05409b883a7b857e1"
                ],
                "self": false,
                "to_port": 61621
              },
              {
                "cidr_blocks": [],
                "description": "",
                "from_port": 7000,
                "ipv6_cidr_blocks": [],
                "prefix_list_ids": [],
                "protocol": "tcp",
                "security_groups": [
                  "sg-05409b883a7b857e1"
                ],
                "self": false,
                "to_port": 7001
              },
              {
                "cidr_blocks": [],
                "description": "",
                "from_port": 7077,
                "ipv6_cidr_blocks": [],
                "prefix_list_ids": [],
                "protocol": "tcp",
                "security_groups": [
                  "sg-05409b883a7b857e1"
                ],
                "self": false,
                "to_port": 7077
              },
              {
                "cidr_blocks": [],
                "description": "",
                "from_port": 7199,
                "ipv6_cidr_blocks": [],
                "prefix_list_ids": [],
                "protocol": "tcp",
                "security_groups": [
                  "sg-05409b883a7b857e1"
                ],
                "self": false,
                "to_port": 7199
              },
              {
                "cidr_blocks": [],
                "description": "",
                "from_port": 8609,
                "ipv6_cidr_blocks": [],
                "prefix_list_ids": [],
                "protocol": "tcp",
                "security_groups": [
                  "sg-05409b883a7b857e1"
                ],
                "self": false,
                "to_port": 8609
              },
              {
                "cidr_blocks": [],
                "description": "",
                "from_port": 9042,
                "ipv6_cidr_blocks": [],
                "prefix_list_ids": [],
                "protocol": "tcp",
                "security_groups": [
                  "sg-05409b883a7b857e1"
                ],
                "self": false,
                "to_port": 9042
              },
              {
                "cidr_blocks": [],
                "description": "",
                "from_port": 9142,
                "ipv6_cidr_blocks": [],
                "prefix_list_ids": [],
                "protocol": "tcp",
                "security_groups": [
                  "sg-05409b883a7b857e1"
                ],
                "self": false,
                "to_port": 9142
              }
            ],
            "name": "sg_dse_node",
            "name_prefix": "",
            "owner_id": "357576205424",
            "revoke_rules_on_delete": false,
            "tags": {
              "Environment": "mc-demo",
              "Name": "mc_demo-sg_dse_node"
            },
            "timeouts": null,
            "vpc_id": "vpc-36fa8452"
          },
          "private": "eyJlMmJmYjczMC1lY2FhLTExZTYtOGY4OC0zNDM2M2JjN2M0YzAiOnsiY3JlYXRlIjo2MDAwMDAwMDAwMDAsImRlbGV0ZSI6NjAwMDAwMDAwMDAwfSwic2NoZW1hX3ZlcnNpb24iOiIxIn0=",
          "dependencies": [
            "aws_security_group.sg_mc_demo_group"
          ]
        }
      ]
    },
    {
      "mode": "managed",
      "type": "aws_security_group",
      "name": "sg_mc_demo_group",
      "provider": "provider[\"registry.terraform.io/hashicorp/aws\"]",
      "instances": [
        {
          "schema_version": 1,
          "attributes": {
            "arn": "arn:aws:ec2:us-east-1:357576205424:security-group/sg-05409b883a7b857e1",
            "description": "Managed by Terraform",
            "egress": [],
            "id": "sg-05409b883a7b857e1",
            "ingress": [],
            "name": "sg_mc_demo_group",
            "name_prefix": "",
            "owner_id": "357576205424",
            "revoke_rules_on_delete": false,
            "tags": {
              "Environment": "mc-demo",
              "Name": "mc_demo-sg_mc_demo_group"
            },
            "timeouts": null,
            "vpc_id": "vpc-36fa8452"
          },
          "private": "eyJlMmJmYjczMC1lY2FhLTExZTYtOGY4OC0zNDM2M2JjN2M0YzAiOnsiY3JlYXRlIjo2MDAwMDAwMDAwMDAsImRlbGV0ZSI6NjAwMDAwMDAwMDAwfSwic2NoZW1hX3ZlcnNpb24iOiIxIn0="
        }
      ]
    },
    {
      "mode": "managed",
      "type": "aws_security_group",
      "name": "sg_opsc_node",
      "provider": "provider[\"registry.terraform.io/hashicorp/aws\"]",
      "instances": [
        {
          "schema_version": 1,
          "attributes": {
            "arn": "arn:aws:ec2:us-east-1:357576205424:security-group/sg-09e66d31c871264d2",
            "description": "Managed by Terraform",
            "egress": [
              {
                "cidr_blocks": [],
                "description": "",
                "from_port": 0,
                "ipv6_cidr_blocks": [],
                "prefix_list_ids": [],
                "protocol": "-1",
                "security_groups": [
                  "sg-05409b883a7b857e1"
                ],
                "self": false,
                "to_port": 0
              }
            ],
            "id": "sg-09e66d31c871264d2",
            "ingress": [
              {
                "cidr_blocks": [],
                "description": "",
                "from_port": 443,
                "ipv6_cidr_blocks": [],
                "prefix_list_ids": [],
                "protocol": "tcp",
                "security_groups": [
                  "sg-05409b883a7b857e1"
                ],
                "self": false,
                "to_port": 443
              },
              {
                "cidr_blocks": [],
                "description": "",
                "from_port": 61619,
                "ipv6_cidr_blocks": [],
                "prefix_list_ids": [],
                "protocol": "tcp",
                "security_groups": [
                  "sg-05409b883a7b857e1"
                ],
                "self": false,
                "to_port": 61620
              }
            ],
            "name": "sg_opsc_node",
            "name_prefix": "",
            "owner_id": "357576205424",
            "revoke_rules_on_delete": false,
            "tags": {
              "Environment": "mc-demo",
              "Name": "mc_demo-sg_opsc_node"
            },
            "timeouts": null,
            "vpc_id": "vpc-36fa8452"
          },
          "private": "eyJlMmJmYjczMC1lY2FhLTExZTYtOGY4OC0zNDM2M2JjN2M0YzAiOnsiY3JlYXRlIjo2MDAwMDAwMDAwMDAsImRlbGV0ZSI6NjAwMDAwMDAwMDAwfSwic2NoZW1hX3ZlcnNpb24iOiIxIn0=",
          "dependencies": [
            "aws_security_group.sg_mc_demo_group"
          ]
        }
      ]
    },
    {
      "mode": "managed",
      "type": "aws_security_group",
      "name": "sg_opsc_web",
      "provider": "provider[\"registry.terraform.io/hashicorp/aws\"]",
      "instances": [
        {
          "schema_version": 1,
          "attributes": {
            "arn": "arn:aws:ec2:us-east-1:357576205424:security-group/sg-00412d15723d7621a",
            "description": "Managed by Terraform",
            "egress": [],
            "id": "sg-00412d15723d7621a",
            "ingress": [
              {
                "cidr_blocks": [
                  "0.0.0.0/0"
                ],
                "description": "",
                "from_port": 8443,
                "ipv6_cidr_blocks": [],
                "prefix_list_ids": [],
                "protocol": "tcp",
                "security_groups": [],
                "self": false,
                "to_port": 8443
              },
              {
                "cidr_blocks": [
                  "0.0.0.0/0"
                ],
                "description": "",
                "from_port": 8888,
                "ipv6_cidr_blocks": [],
                "prefix_list_ids": [],
                "protocol": "tcp",
                "security_groups": [],
                "self": false,
                "to_port": 8888
              }
            ],
            "name": "sg_opsc_web",
            "name_prefix": "",
            "owner_id": "357576205424",
            "revoke_rules_on_delete": false,
            "tags": {
              "Environment": "mc-demo",
              "Name": "mc_demo-sg_opsc_web"
            },
            "timeouts": null,
            "vpc_id": "vpc-36fa8452"
          },
          "private": "eyJlMmJmYjczMC1lY2FhLTExZTYtOGY4OC0zNDM2M2JjN2M0YzAiOnsiY3JlYXRlIjo2MDAwMDAwMDAwMDAsImRlbGV0ZSI6NjAwMDAwMDAwMDAwfSwic2NoZW1hX3ZlcnNpb24iOiIxIn0="
        }
      ]
    },
    {
      "mode": "managed",
      "type": "aws_security_group",
      "name": "sg_ssh",
      "provider": "provider[\"registry.terraform.io/hashicorp/aws\"]",
      "instances": [
        {
          "schema_version": 1,
          "attributes": {
            "arn": "arn:aws:ec2:us-east-1:357576205424:security-group/sg-0c093e027c9ec16d9",
            "description": "Managed by Terraform",
            "egress": [
              {
                "cidr_blocks": [
                  "0.0.0.0/0"
                ],
                "description": "",
                "from_port": 0,
                "ipv6_cidr_blocks": [],
                "prefix_list_ids": [],
                "protocol": "-1",
                "security_groups": [],
                "self": false,
                "to_port": 0
              }
            ],
            "id": "sg-0c093e027c9ec16d9",
            "ingress": [
              {
                "cidr_blocks": [
                  "0.0.0.0/0"
                ],
                "description": "",
                "from_port": 22,
                "ipv6_cidr_blocks": [],
                "prefix_list_ids": [],
                "protocol": "tcp",
                "security_groups": [],
                "self": false,
                "to_port": 22
              }
            ],
            "name": "sg_ssh",
            "name_prefix": "",
            "owner_id": "357576205424",
            "revoke_rules_on_delete": false,
            "tags": {
              "Environment": "mc-demo",
              "Name": "mc_demo-sg_ssh"
            },
            "timeouts": null,
            "vpc_id": "vpc-36fa8452"
          },
          "private": "eyJlMmJmYjczMC1lY2FhLTExZTYtOGY4OC0zNDM2M2JjN2M0YzAiOnsiY3JlYXRlIjo2MDAwMDAwMDAwMDAsImRlbGV0ZSI6NjAwMDAwMDAwMDAwfSwic2NoZW1hX3ZlcnNpb24iOiIxIn0="
        }
      ]
    }
  ]
}
